
Microsoft Visual Studio Solution File, Format Version 12.00
# Visual Studio Version 17
VisualStudioVersion = 17.11.35222.181
MinimumVisualStudioVersion = 10.0.40219.1
Project("{2150E333-8FDC-42A3-9474-1A3956D46DE8}") = "Project.V0", "Project.V0", "{4DBC68C2-417B-4445-B13A-916B011ED781}"
EndProject
Project("{FAE04EC0-301F-11D3-BF4B-00C04F79EFBC}") = "Tyuiu.RaushKN.Sprint7.Project.V9", "Tyuiu.RaushKN.Sprint7.Project.V9\Tyuiu.RaushKN.Sprint7.Project.V9.csproj", "{606D2C10-90FB-4A2B-97C2-606D65870EA3}"
EndProject
Project("{FAE04EC0-301F-11D3-BF4B-00C04F79EFBC}") = "Tyuiu.RaushKN.Sprint7.Project.V9.Lib", "Tyuiu.RaushKN.Sprint7.Project.V9.Lib\Tyuiu.RaushKN.Sprint7.Project.V9.Lib.csproj", "{C50C3B06-BEFC-4137-A2E1-F6BCA2105468}"
EndProject
Project("{FAE04EC0-301F-11D3-BF4B-00C04F79EFBC}") = "Tyuiu.RaushKN.Sprint7.Project.V9.Test", "Tyuiu.RaushKN.Sprint7.Project.V9.Test\Tyuiu.RaushKN.Sprint7.Project.V9.Test.csproj", "{D54D2AF8-309C-403D-A73A-A9CAF476BFA9}"
EndProject
Global
	GlobalSection(SolutionConfigurationPlatforms) = preSolution
		Debug|Any CPU = Debug|Any CPU
		Release|Any CPU = Release|Any CPU
	EndGlobalSection
	GlobalSection(ProjectConfigurationPlatforms) = postSolution
		{606D2C10-90FB-4A2B-97C2-606D65870EA3}.Debug|Any CPU.ActiveCfg = Debug|Any CPU
		{606D2C10-90FB-4A2B-97C2-606D65870EA3}.Debug|Any CPU.Build.0 = Debug|Any CPU
		{606D2C10-90FB-4A2B-97C2-606D65870EA3}.Release|Any CPU.ActiveCfg = Release|Any CPU
		{606D2C10-90FB-4A2B-97C2-606D65870EA3}.Release|Any CPU.Build.0 = Release|Any CPU
		{C50C3B06-BEFC-4137-A2E1-F6BCA2105468}.Debug|Any CPU.ActiveCfg = Debug|Any CPU
		{C50C3B06-BEFC-4137-A2E1-F6BCA2105468}.Debug|Any CPU.Build.0 = Debug|Any CPU
		{C50C3B06-BEFC-4137-A2E1-F6BCA2105468}.Release|Any CPU.ActiveCfg = Release|Any CPU
		{C50C3B06-BEFC-4137-A2E1-F6BCA2105468}.Release|Any CPU.Build.0 = Release|Any CPU
		{D54D2AF8-309C-403D-A73A-A9CAF476BFA9}.Debug|Any CPU.ActiveCfg = Debug|Any CPU
		{D54D2AF8-309C-403D-A73A-A9CAF476BFA9}.Debug|Any CPU.Build.0 = Debug|Any CPU
		{D54D2AF8-309C-403D-A73A-A9CAF476BFA9}.Release|Any CPU.ActiveCfg = Release|Any CPU
		{D54D2AF8-309C-403D-A73A-A9CAF476BFA9}.Release|Any CPU.Build.0 = Release|Any CPU
	EndGlobalSection
	GlobalSection(SolutionProperties) = preSolution
		HideSolutionNode = FALSE
	EndGlobalSection
	GlobalSection(NestedProjects) = preSolution
		{606D2C10-90FB-4A2B-97C2-606D65870EA3} = {4DBC68C2-417B-4445-B13A-916B011ED781}
		{C50C3B06-BEFC-4137-A2E1-F6BCA2105468} = {4DBC68C2-417B-4445-B13A-916B011ED781}
		{D54D2AF8-309C-403D-A73A-A9CAF476BFA9} = {4DBC68C2-417B-4445-B13A-916B011ED781}
	EndGlobalSection
	GlobalSection(ExtensibilityGlobals) = postSolution
		SolutionGuid = {42131A81-DA75-4E8B-97E7-B21696E0A01D}
	EndGlobalSection
EndGlobal
